// !$*UTF8*$!
{
	archiveVersion = 1;
	classes = {
	};
	objectVersion = 55;
	objects = {

/* Begin PBXBuildFile section */
		5A92BCD7B845F0485E7288B0 /* Pods_YourVault.framework in Frameworks */ = {isa = PBXBuildFile; fileRef = 77055862FBA283B1155F9D65 /* Pods_YourVault.framework */; };
		F51ACE6A275FA2F0005E5C9C /* PhotoCell.swift in Sources */ = {isa = PBXBuildFile; fileRef = F51ACE69275FA2F0005E5C9C /* PhotoCell.swift */; };
		F59EC6DB275E7DD200E9DE22 /* AppDelegate.swift in Sources */ = {isa = PBXBuildFile; fileRef = F59EC6DA275E7DD200E9DE22 /* AppDelegate.swift */; };
		F59EC6DD275E7DD200E9DE22 /* SceneDelegate.swift in Sources */ = {isa = PBXBuildFile; fileRef = F59EC6DC275E7DD200E9DE22 /* SceneDelegate.swift */; };
		F59EC6E2275E7DD200E9DE22 /* Main.storyboard in Resources */ = {isa = PBXBuildFile; fileRef = F59EC6E0275E7DD200E9DE22 /* Main.storyboard */; };
		F59EC6E5275E7DD200E9DE22 /* YourVault.xcdatamodeld in Sources */ = {isa = PBXBuildFile; fileRef = F59EC6E3275E7DD200E9DE22 /* YourVault.xcdatamodeld */; };
		F59EC6E7275E7DD400E9DE22 /* Assets.xcassets in Resources */ = {isa = PBXBuildFile; fileRef = F59EC6E6275E7DD400E9DE22 /* Assets.xcassets */; };
		F59EC6EA275E7DD400E9DE22 /* LaunchScreen.storyboard in Resources */ = {isa = PBXBuildFile; fileRef = F59EC6E8275E7DD400E9DE22 /* LaunchScreen.storyboard */; };
		F59EC6F7275E7F7300E9DE22 /* PhotoCollectionViewController.swift in Sources */ = {isa = PBXBuildFile; fileRef = F59EC6F6275E7F7300E9DE22 /* PhotoCollectionViewController.swift */; };
/* End PBXBuildFile section */

/* Begin PBXFileReference section */
		1DDFEA3245CA3E52658FC0D3 /* Pods-YourVault.release.xcconfig */ = {isa = PBXFileReference; includeInIndex = 1; lastKnownFileType = text.xcconfig; name = "Pods-YourVault.release.xcconfig"; path = "Target Support Files/Pods-YourVault/Pods-YourVault.release.xcconfig"; sourceTree = "<group>"; };
		77055862FBA283B1155F9D65 /* Pods_YourVault.framework */ = {isa = PBXFileReference; explicitFileType = wrapper.framework; includeInIndex = 0; path = Pods_YourVault.framework; sourceTree = BUILT_PRODUCTS_DIR; };
		F51ACE69275FA2F0005E5C9C /* PhotoCell.swift */ = {isa = PBXFileReference; lastKnownFileType = sourcecode.swift; path = PhotoCell.swift; sourceTree = "<group>"; };
		F59EC6D7275E7DD200E9DE22 /* YourVault.app */ = {isa = PBXFileReference; explicitFileType = wrapper.application; includeInIndex = 0; path = YourVault.app; sourceTree = BUILT_PRODUCTS_DIR; };
		F59EC6DA275E7DD200E9DE22 /* AppDelegate.swift */ = {isa = PBXFileReference; lastKnownFileType = sourcecode.swift; path = AppDelegate.swift; sourceTree = "<group>"; };
		F59EC6DC275E7DD200E9DE22 /* SceneDelegate.swift */ = {isa = PBXFileReference; lastKnownFileType = sourcecode.swift; path = SceneDelegate.swift; sourceTree = "<group>"; };
		F59EC6E1275E7DD200E9DE22 /* Base */ = {isa = PBXFileReference; lastKnownFileType = file.storyboard; name = Base; path = Base.lproj/Main.storyboard; sourceTree = "<group>"; };
		F59EC6E4275E7DD200E9DE22 /* YourVault.xcdatamodel */ = {isa = PBXFileReference; lastKnownFileType = wrapper.xcdatamodel; path = YourVault.xcdatamodel; sourceTree = "<group>"; };
		F59EC6E6275E7DD400E9DE22 /* Assets.xcassets */ = {isa = PBXFileReference; lastKnownFileType = folder.assetcatalog; path = Assets.xcassets; sourceTree = "<group>"; };
		F59EC6E9275E7DD400E9DE22 /* Base */ = {isa = PBXFileReference; lastKnownFileType = file.storyboard; name = Base; path = Base.lproj/LaunchScreen.storyboard; sourceTree = "<group>"; };
		F59EC6EB275E7DD400E9DE22 /* Info.plist */ = {isa = PBXFileReference; lastKnownFileType = text.plist.xml; path = Info.plist; sourceTree = "<group>"; };
		F59EC6F6275E7F7300E9DE22 /* PhotoCollectionViewController.swift */ = {isa = PBXFileReference; lastKnownFileType = sourcecode.swift; path = PhotoCollectionViewController.swift; sourceTree = "<group>"; };
		FA30EB57D5E4CB9B1AF51747 /* Pods-YourVault.debug.xcconfig */ = {isa = PBXFileReference; includeInIndex = 1; lastKnownFileType = text.xcconfig; name = "Pods-YourVault.debug.xcconfig"; path = "Target Support Files/Pods-YourVault/Pods-YourVault.debug.xcconfig"; sourceTree = "<group>"; };
/* End PBXFileReference section */

/* Begin PBXFrameworksBuildPhase section */
		F59EC6D4275E7DD200E9DE22 /* Frameworks */ = {
			isa = PBXFrameworksBuildPhase;
			buildActionMask = 2147483647;
			files = (
				5A92BCD7B845F0485E7288B0 /* Pods_YourVault.framework in Frameworks */,
			);
			runOnlyForDeploymentPostprocessing = 0;
		};
/* End PBXFrameworksBuildPhase section */

/* Begin PBXGroup section */
		7A6E636C1F2B34D273E6E292 /* Frameworks */ = {
			isa = PBXGroup;
			children = (
				77055862FBA283B1155F9D65 /* Pods_YourVault.framework */,
			);
			name = Frameworks;
			sourceTree = "<group>";
		};
		87B617C29EA49CE84CB7EE43 /* Pods */ = {
			isa = PBXGroup;
			children = (
				FA30EB57D5E4CB9B1AF51747 /* Pods-YourVault.debug.xcconfig */,
				1DDFEA3245CA3E52658FC0D3 /* Pods-YourVault.release.xcconfig */,
			);
			path = Pods;
			sourceTree = "<group>";
		};
		F59EC6CE275E7DD200E9DE22 = {
			isa = PBXGroup;
			children = (
				F59EC6D9275E7DD200E9DE22 /* YourVault */,
				F59EC6D8275E7DD200E9DE22 /* Products */,
				87B617C29EA49CE84CB7EE43 /* Pods */,
				7A6E636C1F2B34D273E6E292 /* Frameworks */,
			);
			sourceTree = "<group>";
		};
		F59EC6D8275E7DD200E9DE22 /* Products */ = {
			isa = PBXGroup;
			children = (
				F59EC6D7275E7DD200E9DE22 /* YourVault.app */,
			);
			name = Products;
			sourceTree = "<group>";
		};
		F59EC6D9275E7DD200E9DE22 /* YourVault */ = {
			isa = PBXGroup;
			children = (
				F59EC6F5275E7EDC00E9DE22 /* Core Data */,
				F59EC6F4275E7EBB00E9DE22 /* Supporting Files */,
				F59EC6F2275E7EA300E9DE22 /* View */,
				F59EC6F1275E7E9600E9DE22 /* Controller */,
			);
			path = YourVault;
			sourceTree = "<group>";
		};
		F59EC6F1275E7E9600E9DE22 /* Controller */ = {
			isa = PBXGroup;
			children = (
				F59EC6F6275E7F7300E9DE22 /* PhotoCollectionViewController.swift */,
				F51ACE69275FA2F0005E5C9C /* PhotoCell.swift */,
			);
			path = Controller;
			sourceTree = "<group>";
		};
		F59EC6F2275E7EA300E9DE22 /* View */ = {
			isa = PBXGroup;
			children = (
				F59EC6E0275E7DD200E9DE22 /* Main.storyboard */,
				F59EC6E8275E7DD400E9DE22 /* LaunchScreen.storyboard */,
			);
			path = View;
			sourceTree = "<group>";
		};
		F59EC6F4275E7EBB00E9DE22 /* Supporting Files */ = {
			isa = PBXGroup;
			children = (
				F59EC6EB275E7DD400E9DE22 /* Info.plist */,
				F59EC6E6275E7DD400E9DE22 /* Assets.xcassets */,
				F59EC6DA275E7DD200E9DE22 /* AppDelegate.swift */,
				F59EC6DC275E7DD200E9DE22 /* SceneDelegate.swift */,
			);
			path = "Supporting Files";
			sourceTree = "<group>";
		};
		F59EC6F5275E7EDC00E9DE22 /* Core Data */ = {
			isa = PBXGroup;
			children = (
				F59EC6E3275E7DD200E9DE22 /* YourVault.xcdatamodeld */,
			);
			path = "Core Data";
			sourceTree = "<group>";
		};
/* End PBXGroup section */

/* Begin PBXNativeTarget section */
		F59EC6D6275E7DD200E9DE22 /* YourVault */ = {
			isa = PBXNativeTarget;
			buildConfigurationList = F59EC6EE275E7DD400E9DE22 /* Build configuration list for PBXNativeTarget "YourVault" */;
			buildPhases = (
				D035868B414FBF1FA8269F32 /* [CP] Check Pods Manifest.lock */,
				F59EC6D3275E7DD200E9DE22 /* Sources */,
				F59EC6D4275E7DD200E9DE22 /* Frameworks */,
				F59EC6D5275E7DD200E9DE22 /* Resources */,
				565E02E2B15E2C8C22ED296B /* [CP] Embed Pods Frameworks */,
			);
			buildRules = (
			);
			dependencies = (
			);
			name = YourVault;
			productName = YourVault;
			productReference = F59EC6D7275E7DD200E9DE22 /* YourVault.app */;
			productType = "com.apple.product-type.application";
		};
/* End PBXNativeTarget section */

/* Begin PBXProject section */
		F59EC6CF275E7DD200E9DE22 /* Project object */ = {
			isa = PBXProject;
			attributes = {
				BuildIndependentTargetsInParallel = 1;
				LastSwiftUpdateCheck = 1310;
				LastUpgradeCheck = 1310;
				TargetAttributes = {
					F59EC6D6275E7DD200E9DE22 = {
						CreatedOnToolsVersion = 13.1;
					};
				};
			};
			buildConfigurationList = F59EC6D2275E7DD200E9DE22 /* Build configuration list for PBXProject "YourVault" */;
			compatibilityVersion = "Xcode 13.0";
			developmentRegion = en;
			hasScannedForEncodings = 0;
			knownRegions = (
				en,
				Base,
			);
			mainGroup = F59EC6CE275E7DD200E9DE22;
			productRefGroup = F59EC6D8275E7DD200E9DE22 /* Products */;
			projectDirPath = "";
			projectRoot = "";
			targets = (
				F59EC6D6275E7DD200E9DE22 /* YourVault */,
			);
		};
/* End PBXProject section */

/* Begin PBXResourcesBuildPhase section */
		F59EC6D5275E7DD200E9DE22 /* Resources */ = {
			isa = PBXResourcesBuildPhase;
			buildActionMask = 2147483647;
			files = (
				F59EC6EA275E7DD400E9DE22 /* LaunchScreen.storyboard in Resources */,
				F59EC6E7275E7DD400E9DE22 /* Assets.xcassets in Resources */,
				F59EC6E2275E7DD200E9DE22 /* Main.storyboard in Resources */,
			);
			runOnlyForDeploymentPostprocessing = 0;
		};
/* End PBXResourcesBuildPhase section */

/* Begin PBXShellScriptBuildPhase section */
		565E02E2B15E2C8C22ED296B /* [CP] Embed Pods Frameworks */ = {
			isa = PBXShellScriptBuildPhase;
			buildActionMask = 2147483647;
			files = (
			);
			inputFileListPaths = (
				"${PODS_ROOT}/Target Support Files/Pods-YourVault/Pods-YourVault-frameworks-${CONFIGURATION}-input-files.xcfilelist",
			);
			name = "[CP] Embed Pods Frameworks";
			outputFileListPaths = (
				"${PODS_ROOT}/Target Support Files/Pods-YourVault/Pods-YourVault-frameworks-${CONFIGURATION}-output-files.xcfilelist",
			);
			runOnlyForDeploymentPostprocessing = 0;
			shellPath = /bin/sh;
			shellScript = "\"${PODS_ROOT}/Target Support Files/Pods-YourVault/Pods-YourVault-frameworks.sh\"\n";
			showEnvVarsInLog = 0;
		};
		D035868B414FBF1FA8269F32 /* [CP] Check Pods Manifest.lock */ = {
			isa = PBXShellScriptBuildPhase;
			buildActionMask = 2147483647;
			files = (
			);
			inputFileListPaths = (
			);
			inputPaths = (
				"${PODS_PODFILE_DIR_PATH}/Podfile.lock",
				"${PODS_ROOT}/Manifest.lock",
			);
			name = "[CP] Check Pods Manifest.lock";
			outputFileListPaths = (
			);
			outputPaths = (
				"$(DERIVED_FILE_DIR)/Pods-YourVault-checkManifestLockResult.txt",
			);
			runOnlyForDeploymentPostprocessing = 0;
			shellPath = /bin/sh;
			shellScript = "diff \"${PODS_PODFILE_DIR_PATH}/Podfile.lock\" \"${PODS_ROOT}/Manifest.lock\" > /dev/null\nif [ $? != 0 ] ; then\n    # print error to STDERR\n    echo \"error: The sandbox is not in sync with the Podfile.lock. Run 'pod install' or update your CocoaPods installation.\" >&2\n    exit 1\nfi\n# This output is used by Xcode 'outputs' to avoid re-running this script phase.\necho \"SUCCESS\" > \"${SCRIPT_OUTPUT_FILE_0}\"\n";
			showEnvVarsInLog = 0;
		};
/* End PBXShellScriptBuildPhase section */

/* Begin PBXSourcesBuildPhase section */
		F59EC6D3275E7DD200E9DE22 /* Sources */ = {
			isa = PBXSourcesBuildPhase;
			buildActionMask = 2147483647;
			files = (
				F59EC6E5275E7DD200E9DE22 /* YourVault.xcdatamodeld in Sources */,
				F51ACE6A275FA2F0005E5C9C /* PhotoCell.swift in Sources */,
				F59EC6DB275E7DD200E9DE22 /* AppDelegate.swift in Sources */,
				F59EC6DD275E7DD200E9DE22 /* SceneDelegate.swift in Sources */,
				F59EC6F7275E7F7300E9DE22 /* PhotoCollectionViewController.swift in Sources */,
			);
			runOnlyForDeploymentPostprocessing = 0;
		};
/* End PBXSourcesBuildPhase section */

/* Begin PBXVariantGroup section */
		F59EC6E0275E7DD200E9DE22 /* Main.storyboard */ = {
			isa = PBXVariantGroup;
			children = (
				F59EC6E1275E7DD200E9DE22 /* Base */,
			);
			name = Main.storyboard;
			sourceTree = "<group>";
		};
		F59EC6E8275E7DD400E9DE22 /* LaunchScreen.storyboard */ = {
			isa = PBXVariantGroup;
			children = (
				F59EC6E9275E7DD400E9DE22 /* Base */,
			);
			name = LaunchScreen.storyboard;
			sourceTree = "<group>";
		};
/* End PBXVariantGroup section */

/* Begin XCBuildConfiguration section */
		F59EC6EC275E7DD400E9DE22 /* Debug */ = {
			isa = XCBuildConfiguration;
			buildSettings = {
				ALWAYS_SEARCH_USER_PATHS = NO;
				CLANG_ANALYZER_NONNULL = YES;
				CLANG_ANALYZER_NUMBER_OBJECT_CONVERSION = YES_AGGRESSIVE;
				CLANG_CXX_LANGUAGE_STANDARD = "gnu++17";
				CLANG_CXX_LIBRARY = "libc++";
				CLANG_ENABLE_MODULES = YES;
				CLANG_ENABLE_OBJC_ARC = YES;
				CLANG_ENABLE_OBJC_WEAK = YES;
				CLANG_WARN_BLOCK_CAPTURE_AUTORELEASING = YES;
				CLANG_WARN_BOOL_CONVERSION = YES;
				CLANG_WARN_COMMA = YES;
				CLANG_WARN_CONSTANT_CONVERSION = YES;
				CLANG_WARN_DEPRECATED_OBJC_IMPLEMENTATIONS = YES;
				CLANG_WARN_DIRECT_OBJC_ISA_USAGE = YES_ERROR;
				CLANG_WARN_DOCUMENTATION_COMMENTS = YES;
				CLANG_WARN_EMPTY_BODY = YES;
				CLANG_WARN_ENUM_CONVERSION = YES;
				CLANG_WARN_INFINITE_RECURSION = YES;
				CLANG_WARN_INT_CONVERSION = YES;
				CLANG_WARN_NON_LITERAL_NULL_CONVERSION = YES;
				CLANG_WARN_OBJC_IMPLICIT_RETAIN_SELF = YES;
				CLANG_WARN_OBJC_LITERAL_CONVERSION = YES;
				CLANG_WARN_OBJC_ROOT_CLASS = YES_ERROR;
				CLANG_WARN_QUOTED_INCLUDE_IN_FRAMEWORK_HEADER = YES;
				CLANG_WARN_RANGE_LOOP_ANALYSIS = YES;
				CLANG_WARN_STRICT_PROTOTYPES = YES;
				CLANG_WARN_SUSPICIOUS_MOVE = YES;
				CLANG_WARN_UNGUARDED_AVAILABILITY = YES_AGGRESSIVE;
				CLANG_WARN_UNREACHABLE_CODE = YES;
				CLANG_WARN__DUPLICATE_METHOD_MATCH = YES;
				COPY_PHASE_STRIP = NO;
				DEBUG_INFORMATION_FORMAT = dwarf;
				ENABLE_STRICT_OBJC_MSGSEND = YES;
				ENABLE_TESTABILITY = YES;
				GCC_C_LANGUAGE_STANDARD = gnu11;
				GCC_DYNAMIC_NO_PIC = NO;
				GCC_NO_COMMON_BLOCKS = YES;
				GCC_OPTIMIZATION_LEVEL = 0;
				GCC_PREPROCESSOR_DEFINITIONS = (
					"DEBUG=1",
					"$(inherited)",
				);
				GCC_WARN_64_TO_32_BIT_CONVERSION = YES;
				GCC_WARN_ABOUT_RETURN_TYPE = YES_ERROR;
				GCC_WARN_UNDECLARED_SELECTOR = YES;
				GCC_WARN_UNINITIALIZED_AUTOS = YES_AGGRESSIVE;
				GCC_WARN_UNUSED_FUNCTION = YES;
				GCC_WARN_UNUSED_VARIABLE = YES;
				IPHONEOS_DEPLOYMENT_TARGET = 15.0;
				MTL_ENABLE_DEBUG_INFO = INCLUDE_SOURCE;
				MTL_FAST_MATH = YES;
				ONLY_ACTIVE_ARCH = YES;
				SDKROOT = iphoneos;
				SWIFT_ACTIVE_COMPILATION_CONDITIONS = DEBUG;
				SWIFT_OPTIMIZATION_LEVEL = "-Onone";
			};
			name = Debug;
		};
		F59EC6ED275E7DD400E9DE22 /* Release */ = {
			isa = XCBuildConfiguration;
			buildSettings = {
				ALWAYS_SEARCH_USER_PATHS = NO;
				CLANG_ANALYZER_NONNULL = YES;
				CLANG_ANALYZER_NUMBER_OBJECT_CONVERSION = YES_AGGRESSIVE;
				CLANG_CXX_LANGUAGE_STANDARD = "gnu++17";
				CLANG_CXX_LIBRARY = "libc++";
				CLANG_ENABLE_MODULES = YES;
				CLANG_ENABLE_OBJC_ARC = YES;
				CLANG_ENABLE_OBJC_WEAK = YES;
				CLANG_WARN_BLOCK_CAPTURE_AUTORELEASING = YES;
				CLANG_WARN_BOOL_CONVERSION = YES;
				CLANG_WARN_COMMA = YES;
				CLANG_WARN_CONSTANT_CONVERSION = YES;
				CLANG_WARN_DEPRECATED_OBJC_IMPLEMENTATIONS = YES;
				CLANG_WARN_DIRECT_OBJC_ISA_USAGE = YES_ERROR;
				CLANG_WARN_DOCUMENTATION_COMMENTS = YES;
				CLANG_WARN_EMPTY_BODY = YES;
				CLANG_WARN_ENUM_CONVERSION = YES;
				CLANG_WARN_INFINITE_RECURSION = YES;
				CLANG_WARN_INT_CONVERSION = YES;
				CLANG_WARN_NON_LITERAL_NULL_CONVERSION = YES;
				CLANG_WARN_OBJC_IMPLICIT_RETAIN_SELF = YES;
				CLANG_WARN_OBJC_LITERAL_CONVERSION = YES;
				CLANG_WARN_OBJC_ROOT_CLASS = YES_ERROR;
				CLANG_WARN_QUOTED_INCLUDE_IN_FRAMEWORK_HEADER = YES;
				CLANG_WARN_RANGE_LOOP_ANALYSIS = YES;
				CLANG_WARN_STRICT_PROTOTYPES = YES;
				CLANG_WARN_SUSPICIOUS_MOVE = YES;
				CLANG_WARN_UNGUARDED_AVAILABILITY = YES_AGGRESSIVE;
				CLANG_WARN_UNREACHABLE_CODE = YES;
				CLANG_WARN__DUPLICATE_METHOD_MATCH = YES;
				COPY_PHASE_STRIP = NO;
				DEBUG_INFORMATION_FORMAT = "dwarf-with-dsym";
				ENABLE_NS_ASSERTIONS = NO;
				ENABLE_STRICT_OBJC_MSGSEND = YES;
				GCC_C_LANGUAGE_STANDARD = gnu11;
				GCC_NO_COMMON_BLOCKS = YES;
				GCC_WARN_64_TO_32_BIT_CONVERSION = YES;
				GCC_WARN_ABOUT_RETURN_TYPE = YES_ERROR;
				GCC_WARN_UNDECLARED_SELECTOR = YES;
				GCC_WARN_UNINITIALIZED_AUTOS = YES_AGGRESSIVE;
				GCC_WARN_UNUSED_FUNCTION = YES;
				GCC_WARN_UNUSED_VARIABLE = YES;
				IPHONEOS_DEPLOYMENT_TARGET = 15.0;
				MTL_ENABLE_DEBUG_INFO = NO;
				MTL_FAST_MATH = YES;
				SDKROOT = iphoneos;
				SWIFT_COMPILATION_MODE = wholemodule;
				SWIFT_OPTIMIZATION_LEVEL = "-O";
				VALIDATE_PRODUCT = YES;
			};
			name = Release;
		};
		F59EC6EF275E7DD400E9DE22 /* Debug */ = {
			isa = XCBuildConfiguration;
			baseConfigurationReference = FA30EB57D5E4CB9B1AF51747 /* Pods-YourVault.debug.xcconfig */;
			buildSettings = {
				ASSETCATALOG_COMPILER_APPICON_NAME = AppIcon;
				ASSETCATALOG_COMPILER_GLOBAL_ACCENT_COLOR_NAME = AccentColor;
				CODE_SIGN_STYLE = Automatic;
				CURRENT_PROJECT_VERSION = 1;
				DEVELOPMENT_TEAM = 58F3PKV5W9;
				GENERATE_INFOPLIST_FILE = YES;
				INFOPLIST_FILE = "/Users/bobermiha/Developer/YourVault/YourVault/Supporting Files/Info.plist";
				INFOPLIST_KEY_UIApplicationSupportsIndirectInputEvents = YES;
				INFOPLIST_KEY_UILaunchStoryboardName = LaunchScreen;
				INFOPLIST_KEY_UIMainStoryboardFile = Main;
				INFOPLIST_KEY_UISupportedInterfaceOrientations = UIInterfaceOrientationPortrait;
				INFOPLIST_KEY_UISupportedInterfaceOrientations_iPad = "UIInterfaceOrientationPortrait UIInterfaceOrientationPortraitUpsideDown UIInterfaceOrientationLandscapeLeft UIInterfaceOrientationLandscapeRight";
				INFOPLIST_KEY_UISupportedInterfaceOrientations_iPhone = "UIInterfaceOrientationPortrait UIInterfaceOrientationLandscapeLeft UIInterfaceOrientationLandscapeRight";
				LD_RUNPATH_SEARCH_PATHS = (
					"$(inherited)",
					"@executable_path/Frameworks",
				);
				MARKETING_VERSION = 1.0;
				PRODUCT_BUNDLE_IDENTIFIER = com.bobermiha.YourVault;
				PRODUCT_NAME = "$(TARGET_NAME)";
				SWIFT_EMIT_LOC_STRINGS = YES;
				SWIFT_VERSION = 5.0;
				TARGETED_DEVICE_FAMILY = "1,2";
			};
			name = Debug;
		};
		F59EC6F0275E7DD400E9DE22 /* Release */ = {
			isa = XCBuildConfiguration;
			baseConfigurationReference = 1DDFEA3245CA3E52658FC0D3 /* Pods-YourVault.release.xcconfig */;
			buildSettings = {
				ASSETCATALOG_COMPILER_APPICON_NAME = AppIcon;
				ASSETCATALOG_COMPILER_GLOBAL_ACCENT_COLOR_NAME = AccentColor;
				CODE_SIGN_STYLE = Automatic;
				CURRENT_PROJECT_VERSION = 1;
				DEVELOPMENT_TEAM = 58F3PKV5W9;
				GENERATE_INFOPLIST_FILE = YES;
				INFOPLIST_FILE = "/Users/bobermiha/Developer/YourVault/YourVault/Supporting Files/Info.plist";
				INFOPLIST_KEY_UIApplicationSupportsIndirectInputEvents = YES;
				INFOPLIST_KEY_UILaunchStoryboardName = LaunchScreen;
				INFOPLIST_KEY_UIMainStoryboardFile = Main;
				INFOPLIST_KEY_UISupportedInterfaceOrientations = UIInterfaceOrientationPortrait;
				INFOPLIST_KEY_UISupportedInterfaceOrientations_iPad = "UIInterfaceOrientationPortrait UIInterfaceOrientationPortraitUpsideDown UIInterfaceOrientationLandscapeLeft UIInterfaceOrientationLandscapeRight";
				INFOPLIST_KEY_UISupportedInterfaceOrientations_iPhone = "UIInterfaceOrientationPortrait UIInterfaceOrientationLandscapeLeft UIInterfaceOrientationLandscapeRight";
				LD_RUNPATH_SEARCH_PATHS = (
					"$(inherited)",
					"@executable_path/Frameworks",
				);
				MARKETING_VERSION = 1.0;
				PRODUCT_BUNDLE_IDENTIFIER = com.bobermiha.YourVault;
				PRODUCT_NAME = "$(TARGET_NAME)";
				SWIFT_EMIT_LOC_STRINGS = YES;
				SWIFT_VERSION = 5.0;
				TARGETED_DEVICE_FAMILY = "1,2";
			};
			name = Release;
		};
/* End XCBuildConfiguration section */

/* Begin XCConfigurationList section */
		F59EC6D2275E7DD200E9DE22 /* Build configuration list for PBXProject "YourVault" */ = {
			isa = XCConfigurationList;
			buildConfigurations = (
				F59EC6EC275E7DD400E9DE22 /* Debug */,
				F59EC6ED275E7DD400E9DE22 /* Release */,
			);
			defaultConfigurationIsVisible = 0;
			defaultConfigurationName = Release;
		};
		F59EC6EE275E7DD400E9DE22 /* Build configuration list for PBXNativeTarget "YourVault" */ = {
			isa = XCConfigurationList;
			buildConfigurations = (
				F59EC6EF275E7DD400E9DE22 /* Debug */,
				F59EC6F0275E7DD400E9DE22 /* Release */,
			);
			defaultConfigurationIsVisible = 0;
			defaultConfigurationName = Release;
		};
/* End XCConfigurationList section */

/* Begin XCVersionGroup section */
		F59EC6E3275E7DD200E9DE22 /* YourVault.xcdatamodeld */ = {
			isa = XCVersionGroup;
			children = (
				F59EC6E4275E7DD200E9DE22 /* YourVault.xcdatamodel */,
			);
			currentVersion = F59EC6E4275E7DD200E9DE22 /* YourVault.xcdatamodel */;
			path = YourVault.xcdatamodeld;
			sourceTree = "<group>";
			versionGroupType = wrapper.xcdatamodel;
		};
/* End XCVersionGroup section */
	};
	rootObject = F59EC6CF275E7DD200E9DE22 /* Project object */;
}
